
Microsoft Visual Studio Solution File, Format Version 11.00
# Visual Studio 2010
Project("{FAE04EC0-301F-11D3-BF4B-00C04F79EFBC}") = "WcfJson", "WcfJson\WcfJson.csproj", "{73461D96-5A78-4180-9C71-BA4642FDBE7F}"
EndProject
Global
	GlobalSection(SolutionConfigurationPlatforms) = preSolution
		Debug|Any CPU = Debug|Any CPU
		Release|Any CPU = Release|Any CPU
	EndGlobalSection
	GlobalSection(ProjectConfigurationPlatforms) = postSolution
		{73461D96-5A78-4180-9C71-BA4642FDBE7F}.Debug|Any CPU.ActiveCfg = Debug|Any CPU
		{73461D96-5A78-4180-9C71-BA4642FDBE7F}.Debug|Any CPU.Build.0 = Debug|Any CPU
		{73461D96-5A78-4180-9C71-BA4642FDBE7F}.Release|Any CPU.ActiveCfg = Release|Any CPU
		{73461D96-5A78-4180-9C71-BA4642FDBE7F}.Release|Any CPU.Build.0 = Release|Any CPU
	EndGlobalSection
	GlobalSection(SolutionProperties) = preSolution
		HideSolutionNode = FALSE
	EndGlobalSection
EndGlobal
